
Microsoft Visual Studio Solution File, Format Version 12.00
# Visual Studio 14
VisualStudioVersion = 14.0.23107.0
MinimumVisualStudioVersion = 10.0.40219.1
Project("{FAE04EC0-301F-11D3-BF4B-00C04F79EFBC}") = "Engine", "Engine\Engine.csproj", "{B74C45EB-AA36-4855-86D7-8E796F21009A}"
EndProject
Project("{FAE04EC0-301F-11D3-BF4B-00C04F79EFBC}") = "Draughts", "Draughts\Draughts.csproj", "{1774CC01-2104-469A-A6F4-FE94D391248D}"
EndProject
Global
	GlobalSection(SolutionConfigurationPlatforms) = preSolution
		Debug|Any CPU = Debug|Any CPU
		Release|Any CPU = Release|Any CPU
	EndGlobalSection
	GlobalSection(ProjectConfigurationPlatforms) = postSolution
		{B74C45EB-AA36-4855-86D7-8E796F21009A}.Debug|Any CPU.ActiveCfg = Debug|Any CPU
		{B74C45EB-AA36-4855-86D7-8E796F21009A}.Debug|Any CPU.Build.0 = Debug|Any CPU
		{B74C45EB-AA36-4855-86D7-8E796F21009A}.Release|Any CPU.ActiveCfg = Release|Any CPU
		{B74C45EB-AA36-4855-86D7-8E796F21009A}.Release|Any CPU.Build.0 = Release|Any CPU
		{1774CC01-2104-469A-A6F4-FE94D391248D}.Debug|Any CPU.ActiveCfg = Debug|Any CPU
		{1774CC01-2104-469A-A6F4-FE94D391248D}.Debug|Any CPU.Build.0 = Debug|Any CPU
		{1774CC01-2104-469A-A6F4-FE94D391248D}.Release|Any CPU.ActiveCfg = Release|Any CPU
		{1774CC01-2104-469A-A6F4-FE94D391248D}.Release|Any CPU.Build.0 = Release|Any CPU
	EndGlobalSection
	GlobalSection(SolutionProperties) = preSolution
		HideSolutionNode = FALSE
	EndGlobalSection
EndGlobal
